// !$*UTF8*$!
{
	archiveVersion = 1;
	classes = {
	};
	objectVersion = 56;
	objects = {

/* Begin PBXBuildFile section */
		0621A9482C4E36720083A89E /* AppDelegate.swift in Sources */ = {isa = PBXBuildFile; fileRef = 0621A9472C4E36720083A89E /* AppDelegate.swift */; };
		0621A94A2C4E36720083A89E /* SceneDelegate.swift in Sources */ = {isa = PBXBuildFile; fileRef = 0621A9492C4E36720083A89E /* SceneDelegate.swift */; };
		0621A9512C4E36730083A89E /* Assets.xcassets in Resources */ = {isa = PBXBuildFile; fileRef = 0621A9502C4E36730083A89E /* Assets.xcassets */; };
		0621A9542C4E36730083A89E /* Base in Resources */ = {isa = PBXBuildFile; fileRef = 0621A9532C4E36730083A89E /* Base */; };
		0621A95C2C4E36EB0083A89E /* .gitignore in Resources */ = {isa = PBXBuildFile; fileRef = 0621A95B2C4E36EB0083A89E /* .gitignore */; };
		0621A95E2C4E37CD0083A89E /* LoginViewController.swift in Sources */ = {isa = PBXBuildFile; fileRef = 0621A95D2C4E37CD0083A89E /* LoginViewController.swift */; };
		0621A96B2C4E384B0083A89E /* BaseCollectioViewCell.swift in Sources */ = {isa = PBXBuildFile; fileRef = 0621A9672C4E384B0083A89E /* BaseCollectioViewCell.swift */; };
		0621A96C2C4E384B0083A89E /* BaseTableViewCell.swift in Sources */ = {isa = PBXBuildFile; fileRef = 0621A9682C4E384B0083A89E /* BaseTableViewCell.swift */; };
		0621A96D2C4E384B0083A89E /* BaseView.swift in Sources */ = {isa = PBXBuildFile; fileRef = 0621A9692C4E384B0083A89E /* BaseView.swift */; };
		0621A96E2C4E384B0083A89E /* BaseViewController.swift in Sources */ = {isa = PBXBuildFile; fileRef = 0621A96A2C4E384B0083A89E /* BaseViewController.swift */; };
		0621A9702C4E38650083A89E /* Obsearvable.swift in Sources */ = {isa = PBXBuildFile; fileRef = 0621A96F2C4E38650083A89E /* Obsearvable.swift */; };
		0621A9732C4E39D00083A89E /* SnapKit in Frameworks */ = {isa = PBXBuildFile; productRef = 0621A9722C4E39D00083A89E /* SnapKit */; };
		0621A9762C4E39DA0083A89E /* IQKeyboardManagerSwift in Frameworks */ = {isa = PBXBuildFile; productRef = 0621A9752C4E39DA0083A89E /* IQKeyboardManagerSwift */; };
		0621A9792C4E39E30083A89E /* Alamofire in Frameworks */ = {isa = PBXBuildFile; productRef = 0621A9782C4E39E30083A89E /* Alamofire */; };
		0621A97C2C4E39EA0083A89E /* Then in Frameworks */ = {isa = PBXBuildFile; productRef = 0621A97B2C4E39EA0083A89E /* Then */; };
		0621A97F2C4E39FF0083A89E /* RealmSwift in Frameworks */ = {isa = PBXBuildFile; productRef = 0621A97E2C4E39FF0083A89E /* RealmSwift */; settings = {ATTRIBUTES = (Weak, ); }; };
		0621A9822C4E3A0A0083A89E /* Kingfisher in Frameworks */ = {isa = PBXBuildFile; productRef = 0621A9812C4E3A0A0083A89E /* Kingfisher */; };
		0621A9852C4E3A1F0083A89E /* Toast in Frameworks */ = {isa = PBXBuildFile; productRef = 0621A9842C4E3A1F0083A89E /* Toast */; };
		0621A9872C4E3B560083A89E /* ReuseIdentifier+.swift in Sources */ = {isa = PBXBuildFile; fileRef = 0621A9862C4E3B560083A89E /* ReuseIdentifier+.swift */; };
		0621A9892C4E3BE20083A89E /* APIKey.swift in Sources */ = {isa = PBXBuildFile; fileRef = 0621A9882C4E3BE20083A89E /* APIKey.swift */; };
		0621A98B2C4E3D100083A89E /* TabBarController.swift in Sources */ = {isa = PBXBuildFile; fileRef = 0621A98A2C4E3D100083A89E /* TabBarController.swift */; };
		0621A98D2C4E42930083A89E /* OnboardingViewController.swift in Sources */ = {isa = PBXBuildFile; fileRef = 0621A98C2C4E42930083A89E /* OnboardingViewController.swift */; };
		0621A98F2C4E4B150083A89E /* SuccessButton.swift in Sources */ = {isa = PBXBuildFile; fileRef = 0621A98E2C4E4B150083A89E /* SuccessButton.swift */; };
		0621A9932C4E4BCF0083A89E /* Setting.swift in Sources */ = {isa = PBXBuildFile; fileRef = 0621A9922C4E4BCF0083A89E /* Setting.swift */; };
		0621A9962C4E5DF70083A89E /* LoginViewModel.swift in Sources */ = {isa = PBXBuildFile; fileRef = 0621A9952C4E5DF70083A89E /* LoginViewModel.swift */; };
		0621A9982C4E61AA0083A89E /* UserDefault.swift in Sources */ = {isa = PBXBuildFile; fileRef = 0621A9972C4E61AA0083A89E /* UserDefault.swift */; };
		0621A99B2C4E61E60083A89E /* UserModelManager.swift in Sources */ = {isa = PBXBuildFile; fileRef = 0621A99A2C4E61E60083A89E /* UserModelManager.swift */; };
		0621A99D2C4E62750083A89E /* ProfileImage.swift in Sources */ = {isa = PBXBuildFile; fileRef = 0621A99C2C4E62750083A89E /* ProfileImage.swift */; };
		0621A99F2C4E723A0083A89E /* UserBuilder.swift in Sources */ = {isa = PBXBuildFile; fileRef = 0621A99E2C4E723A0083A89E /* UserBuilder.swift */; };
		0621A9A12C4E72D40083A89E /* ProfileImageView.swift in Sources */ = {isa = PBXBuildFile; fileRef = 0621A9A02C4E72D40083A89E /* ProfileImageView.swift */; };
		0621A9A42C4E901E0083A89E /* SelectProfileViewController.swift in Sources */ = {isa = PBXBuildFile; fileRef = 0621A9A32C4E901E0083A89E /* SelectProfileViewController.swift */; };
		0621A9A62C4E90760083A89E /* SelectProfileViewModel.swift in Sources */ = {isa = PBXBuildFile; fileRef = 0621A9A52C4E90760083A89E /* SelectProfileViewModel.swift */; };
		0621A9A82C4E91FB0083A89E /* SelectProfileCollectionViewCell.swift in Sources */ = {isa = PBXBuildFile; fileRef = 0621A9A72C4E91FB0083A89E /* SelectProfileCollectionViewCell.swift */; };
		0621A9AA2C4E9A460083A89E /* Placeholder.swift in Sources */ = {isa = PBXBuildFile; fileRef = 0621A9A92C4E9A460083A89E /* Placeholder.swift */; };
		0621A9AC2C4E9DB60083A89E /* NickNameFilter.swift in Sources */ = {isa = PBXBuildFile; fileRef = 0621A9AB2C4E9DB50083A89E /* NickNameFilter.swift */; };
		0621A9AE2C4EA4D90083A89E /* Font+.swift in Sources */ = {isa = PBXBuildFile; fileRef = 0621A9AD2C4EA4D90083A89E /* Font+.swift */; };
		0621A9B22C4EA6AD0083A89E /* MBTIButtonView.swift in Sources */ = {isa = PBXBuildFile; fileRef = 0621A9B12C4EA6AD0083A89E /* MBTIButtonView.swift */; };
		0632E7242C53A21400B0EBF5 /* NetworkEnum.swift in Sources */ = {isa = PBXBuildFile; fileRef = 0632E7232C53A21400B0EBF5 /* NetworkEnum.swift */; };
		0655B2712C4FFD2300FF38C4 /* TopicViewModel.swift in Sources */ = {isa = PBXBuildFile; fileRef = 0655B2702C4FFD2300FF38C4 /* TopicViewModel.swift */; };
		0655B2732C4FFDF700FF38C4 /* Image+.swift in Sources */ = {isa = PBXBuildFile; fileRef = 0655B2722C4FFDF700FF38C4 /* Image+.swift */; };
		0655B2752C5017BC00FF38C4 /* PhotoCollectionViewCell.swift in Sources */ = {isa = PBXBuildFile; fileRef = 0655B2742C5017BC00FF38C4 /* PhotoCollectionViewCell.swift */; };
		0655B2772C5022B200FF38C4 /* TopicSectionHeaderReusableView.swift in Sources */ = {isa = PBXBuildFile; fileRef = 0655B2762C5022B200FF38C4 /* TopicSectionHeaderReusableView.swift */; };
		0655B2A42C50F96B00FF38C4 /* LikePhotoViewController.swift in Sources */ = {isa = PBXBuildFile; fileRef = 0655B2A32C50F96B00FF38C4 /* LikePhotoViewController.swift */; };
		0655B2A72C510AC200FF38C4 /* DetailViewController.swift in Sources */ = {isa = PBXBuildFile; fileRef = 0655B2A62C510AC200FF38C4 /* DetailViewController.swift */; };
		0655B2AB2C510E9000FF38C4 /* SearchPhotoViewModel.swift in Sources */ = {isa = PBXBuildFile; fileRef = 0655B2AA2C510E9000FF38C4 /* SearchPhotoViewModel.swift */; };
		0655B2AF2C5114B300FF38C4 /* LikePhotoViewModel.swift in Sources */ = {isa = PBXBuildFile; fileRef = 0655B2AE2C5114B300FF38C4 /* LikePhotoViewModel.swift */; };
		0655B2B12C5115B700FF38C4 /* DetailViewModel.swift in Sources */ = {isa = PBXBuildFile; fileRef = 0655B2B02C5115B700FF38C4 /* DetailViewModel.swift */; };
		0655B2E42C52429400FF38C4 /* UnsplashRouter.swift in Sources */ = {isa = PBXBuildFile; fileRef = 0655B2E32C52429400FF38C4 /* UnsplashRouter.swift */; };
		0655B2E92C52432100FF38C4 /* TopicSection.swift in Sources */ = {isa = PBXBuildFile; fileRef = 0655B2E82C52432100FF38C4 /* TopicSection.swift */; };
		0655B2EB2C52465100FF38C4 /* SearchParams.swift in Sources */ = {isa = PBXBuildFile; fileRef = 0655B2EA2C52465100FF38C4 /* SearchParams.swift */; };
		0655B2ED2C5246CD00FF38C4 /* TargetType.swift in Sources */ = {isa = PBXBuildFile; fileRef = 0655B2EC2C5246CD00FF38C4 /* TargetType.swift */; };
		0655B2EF2C5249F300FF38C4 /* NetworkManager.swift in Sources */ = {isa = PBXBuildFile; fileRef = 0655B2EE2C5249F300FF38C4 /* NetworkManager.swift */; };
		0655B2F12C524B4700FF38C4 /* ImageDTO.swift in Sources */ = {isa = PBXBuildFile; fileRef = 0655B2F02C524B4700FF38C4 /* ImageDTO.swift */; };
		0655B2F32C524D6900FF38C4 /* SearchDTO.swift in Sources */ = {isa = PBXBuildFile; fileRef = 0655B2F22C524D6900FF38C4 /* SearchDTO.swift */; };
		0655B2F72C525B9100FF38C4 /* Orderby.swift in Sources */ = {isa = PBXBuildFile; fileRef = 0655B2F62C525B9100FF38C4 /* Orderby.swift */; };
		0655B2F92C52600C00FF38C4 /* SearchColor.swift in Sources */ = {isa = PBXBuildFile; fileRef = 0655B2F82C52600C00FF38C4 /* SearchColor.swift */; };
		0655B2FD2C529AE600FF38C4 /* APIError.swift in Sources */ = {isa = PBXBuildFile; fileRef = 0655B2FC2C529AE600FF38C4 /* APIError.swift */; };
		0655B2FF2C52B46600FF38C4 /* TopicsModel.swift in Sources */ = {isa = PBXBuildFile; fileRef = 0655B2FE2C52B46600FF38C4 /* TopicsModel.swift */; };
		06579BA62C52C46000CEEF79 /* ErrorView.swift in Sources */ = {isa = PBXBuildFile; fileRef = 06579BA52C52C46000CEEF79 /* ErrorView.swift */; };
		06579BA82C538CD100CEEF79 /* ImageModel.swift in Sources */ = {isa = PBXBuildFile; fileRef = 06579BA72C538CD100CEEF79 /* ImageModel.swift */; };
		06D068ED2C53B46500B8787A /* CollectionType.swift in Sources */ = {isa = PBXBuildFile; fileRef = 06D068EC2C53B46500B8787A /* CollectionType.swift */; };
		06D068F02C53D55100B8787A /* SearchsModel.swift in Sources */ = {isa = PBXBuildFile; fileRef = 06D068EF2C53D55100B8787A /* SearchsModel.swift */; };
		06D068F32C53EF9C00B8787A /* LikeList.swift in Sources */ = {isa = PBXBuildFile; fileRef = 06D068F22C53EF9C00B8787A /* LikeList.swift */; };
		06D068F52C53F6E700B8787A /* LikeRepository.swift in Sources */ = {isa = PBXBuildFile; fileRef = 06D068F42C53F6E700B8787A /* LikeRepository.swift */; };
		06D068F62C5400D100B8787A /* RealmSwift in Embed Frameworks */ = {isa = PBXBuildFile; productRef = 0621A97E2C4E39FF0083A89E /* RealmSwift */; settings = {ATTRIBUTES = (CodeSignOnCopy, ); }; };
		06E049642C4EC7D7003F1397 /* SearchPhotoViewController.swift in Sources */ = {isa = PBXBuildFile; fileRef = 06E049632C4EC7D7003F1397 /* SearchPhotoViewController.swift */; };
		06E049672C4EC804003F1397 /* TopicViewController.swift in Sources */ = {isa = PBXBuildFile; fileRef = 06E049662C4EC804003F1397 /* TopicViewController.swift */; };
/* End PBXBuildFile section */

/* Begin PBXCopyFilesBuildPhase section */
		06D068F72C5400D100B8787A /* Embed Frameworks */ = {
			isa = PBXCopyFilesBuildPhase;
			buildActionMask = 2147483647;
			dstPath = "";
			dstSubfolderSpec = 10;
			files = (
				06D068F62C5400D100B8787A /* RealmSwift in Embed Frameworks */,
			);
			name = "Embed Frameworks";
			runOnlyForDeploymentPostprocessing = 0;
		};
/* End PBXCopyFilesBuildPhase section */

/* Begin PBXFileReference section */
		0621A9442C4E36720083A89E /* PolaroidProject.app */ = {isa = PBXFileReference; explicitFileType = wrapper.application; includeInIndex = 0; path = PolaroidProject.app; sourceTree = BUILT_PRODUCTS_DIR; };
		0621A9472C4E36720083A89E /* AppDelegate.swift */ = {isa = PBXFileReference; lastKnownFileType = sourcecode.swift; path = AppDelegate.swift; sourceTree = "<group>"; };
		0621A9492C4E36720083A89E /* SceneDelegate.swift */ = {isa = PBXFileReference; lastKnownFileType = sourcecode.swift; path = SceneDelegate.swift; sourceTree = "<group>"; };
		0621A9502C4E36730083A89E /* Assets.xcassets */ = {isa = PBXFileReference; lastKnownFileType = folder.assetcatalog; path = Assets.xcassets; sourceTree = "<group>"; };
		0621A9532C4E36730083A89E /* Base */ = {isa = PBXFileReference; lastKnownFileType = file.storyboard; name = Base; path = Base.lproj/LaunchScreen.storyboard; sourceTree = "<group>"; };
		0621A9552C4E36730083A89E /* Info.plist */ = {isa = PBXFileReference; lastKnownFileType = text.plist.xml; path = Info.plist; sourceTree = "<group>"; };
		0621A95B2C4E36EB0083A89E /* .gitignore */ = {isa = PBXFileReference; lastKnownFileType = text; path = .gitignore; sourceTree = "<group>"; };
		0621A95D2C4E37CD0083A89E /* LoginViewController.swift */ = {isa = PBXFileReference; lastKnownFileType = sourcecode.swift; path = LoginViewController.swift; sourceTree = "<group>"; };
		0621A9672C4E384B0083A89E /* BaseCollectioViewCell.swift */ = {isa = PBXFileReference; fileEncoding = 4; lastKnownFileType = sourcecode.swift; path = BaseCollectioViewCell.swift; sourceTree = "<group>"; };
		0621A9682C4E384B0083A89E /* BaseTableViewCell.swift */ = {isa = PBXFileReference; fileEncoding = 4; lastKnownFileType = sourcecode.swift; path = BaseTableViewCell.swift; sourceTree = "<group>"; };
		0621A9692C4E384B0083A89E /* BaseView.swift */ = {isa = PBXFileReference; fileEncoding = 4; lastKnownFileType = sourcecode.swift; path = BaseView.swift; sourceTree = "<group>"; };
		0621A96A2C4E384B0083A89E /* BaseViewController.swift */ = {isa = PBXFileReference; fileEncoding = 4; lastKnownFileType = sourcecode.swift; path = BaseViewController.swift; sourceTree = "<group>"; };
		0621A96F2C4E38650083A89E /* Obsearvable.swift */ = {isa = PBXFileReference; fileEncoding = 4; lastKnownFileType = sourcecode.swift; path = Obsearvable.swift; sourceTree = "<group>"; };
		0621A9862C4E3B560083A89E /* ReuseIdentifier+.swift */ = {isa = PBXFileReference; lastKnownFileType = sourcecode.swift; path = "ReuseIdentifier+.swift"; sourceTree = "<group>"; };
		0621A9882C4E3BE20083A89E /* APIKey.swift */ = {isa = PBXFileReference; lastKnownFileType = sourcecode.swift; path = APIKey.swift; sourceTree = "<group>"; };
		0621A98A2C4E3D100083A89E /* TabBarController.swift */ = {isa = PBXFileReference; lastKnownFileType = sourcecode.swift; path = TabBarController.swift; sourceTree = "<group>"; };
		0621A98C2C4E42930083A89E /* OnboardingViewController.swift */ = {isa = PBXFileReference; lastKnownFileType = sourcecode.swift; path = OnboardingViewController.swift; sourceTree = "<group>"; };
		0621A98E2C4E4B150083A89E /* SuccessButton.swift */ = {isa = PBXFileReference; lastKnownFileType = sourcecode.swift; path = SuccessButton.swift; sourceTree = "<group>"; };
		0621A9922C4E4BCF0083A89E /* Setting.swift */ = {isa = PBXFileReference; lastKnownFileType = sourcecode.swift; path = Setting.swift; sourceTree = "<group>"; };
		0621A9952C4E5DF70083A89E /* LoginViewModel.swift */ = {isa = PBXFileReference; lastKnownFileType = sourcecode.swift; path = LoginViewModel.swift; sourceTree = "<group>"; };
		0621A9972C4E61AA0083A89E /* UserDefault.swift */ = {isa = PBXFileReference; lastKnownFileType = sourcecode.swift; path = UserDefault.swift; sourceTree = "<group>"; };
		0621A99A2C4E61E60083A89E /* UserModelManager.swift */ = {isa = PBXFileReference; lastKnownFileType = sourcecode.swift; path = UserModelManager.swift; sourceTree = "<group>"; };
		0621A99C2C4E62750083A89E /* ProfileImage.swift */ = {isa = PBXFileReference; lastKnownFileType = sourcecode.swift; path = ProfileImage.swift; sourceTree = "<group>"; };
		0621A99E2C4E723A0083A89E /* UserBuilder.swift */ = {isa = PBXFileReference; lastKnownFileType = sourcecode.swift; path = UserBuilder.swift; sourceTree = "<group>"; };
		0621A9A02C4E72D40083A89E /* ProfileImageView.swift */ = {isa = PBXFileReference; fileEncoding = 4; lastKnownFileType = sourcecode.swift; path = ProfileImageView.swift; sourceTree = "<group>"; };
		0621A9A32C4E901E0083A89E /* SelectProfileViewController.swift */ = {isa = PBXFileReference; lastKnownFileType = sourcecode.swift; path = SelectProfileViewController.swift; sourceTree = "<group>"; };
		0621A9A52C4E90760083A89E /* SelectProfileViewModel.swift */ = {isa = PBXFileReference; lastKnownFileType = sourcecode.swift; path = SelectProfileViewModel.swift; sourceTree = "<group>"; };
		0621A9A72C4E91FB0083A89E /* SelectProfileCollectionViewCell.swift */ = {isa = PBXFileReference; fileEncoding = 4; lastKnownFileType = sourcecode.swift; path = SelectProfileCollectionViewCell.swift; sourceTree = "<group>"; };
		0621A9A92C4E9A460083A89E /* Placeholder.swift */ = {isa = PBXFileReference; fileEncoding = 4; lastKnownFileType = sourcecode.swift; path = Placeholder.swift; sourceTree = "<group>"; };
		0621A9AB2C4E9DB50083A89E /* NickNameFilter.swift */ = {isa = PBXFileReference; fileEncoding = 4; lastKnownFileType = sourcecode.swift; path = NickNameFilter.swift; sourceTree = "<group>"; };
		0621A9AD2C4EA4D90083A89E /* Font+.swift */ = {isa = PBXFileReference; lastKnownFileType = sourcecode.swift; path = "Font+.swift"; sourceTree = "<group>"; };
		0621A9B12C4EA6AD0083A89E /* MBTIButtonView.swift */ = {isa = PBXFileReference; lastKnownFileType = sourcecode.swift; path = MBTIButtonView.swift; sourceTree = "<group>"; };
		0632E7232C53A21400B0EBF5 /* NetworkEnum.swift */ = {isa = PBXFileReference; lastKnownFileType = sourcecode.swift; path = NetworkEnum.swift; sourceTree = "<group>"; };
		0655B2702C4FFD2300FF38C4 /* TopicViewModel.swift */ = {isa = PBXFileReference; lastKnownFileType = sourcecode.swift; path = TopicViewModel.swift; sourceTree = "<group>"; };
		0655B2722C4FFDF700FF38C4 /* Image+.swift */ = {isa = PBXFileReference; lastKnownFileType = sourcecode.swift; path = "Image+.swift"; sourceTree = "<group>"; };
		0655B2742C5017BC00FF38C4 /* PhotoCollectionViewCell.swift */ = {isa = PBXFileReference; lastKnownFileType = sourcecode.swift; path = PhotoCollectionViewCell.swift; sourceTree = "<group>"; };
		0655B2762C5022B200FF38C4 /* TopicSectionHeaderReusableView.swift */ = {isa = PBXFileReference; lastKnownFileType = sourcecode.swift; path = TopicSectionHeaderReusableView.swift; sourceTree = "<group>"; };
		0655B2A32C50F96B00FF38C4 /* LikePhotoViewController.swift */ = {isa = PBXFileReference; lastKnownFileType = sourcecode.swift; path = LikePhotoViewController.swift; sourceTree = "<group>"; };
		0655B2A62C510AC200FF38C4 /* DetailViewController.swift */ = {isa = PBXFileReference; lastKnownFileType = sourcecode.swift; path = DetailViewController.swift; sourceTree = "<group>"; };
		0655B2AA2C510E9000FF38C4 /* SearchPhotoViewModel.swift */ = {isa = PBXFileReference; lastKnownFileType = sourcecode.swift; path = SearchPhotoViewModel.swift; sourceTree = "<group>"; };
		0655B2AE2C5114B300FF38C4 /* LikePhotoViewModel.swift */ = {isa = PBXFileReference; lastKnownFileType = sourcecode.swift; path = LikePhotoViewModel.swift; sourceTree = "<group>"; };
		0655B2B02C5115B700FF38C4 /* DetailViewModel.swift */ = {isa = PBXFileReference; lastKnownFileType = sourcecode.swift; path = DetailViewModel.swift; sourceTree = "<group>"; };
		0655B2E32C52429400FF38C4 /* UnsplashRouter.swift */ = {isa = PBXFileReference; lastKnownFileType = sourcecode.swift; path = UnsplashRouter.swift; sourceTree = "<group>"; };
		0655B2E82C52432100FF38C4 /* TopicSection.swift */ = {isa = PBXFileReference; lastKnownFileType = sourcecode.swift; path = TopicSection.swift; sourceTree = "<group>"; };
		0655B2EA2C52465100FF38C4 /* SearchParams.swift */ = {isa = PBXFileReference; lastKnownFileType = sourcecode.swift; path = SearchParams.swift; sourceTree = "<group>"; };
		0655B2EC2C5246CD00FF38C4 /* TargetType.swift */ = {isa = PBXFileReference; fileEncoding = 4; lastKnownFileType = sourcecode.swift; path = TargetType.swift; sourceTree = "<group>"; };
		0655B2EE2C5249F300FF38C4 /* NetworkManager.swift */ = {isa = PBXFileReference; lastKnownFileType = sourcecode.swift; path = NetworkManager.swift; sourceTree = "<group>"; };
		0655B2F02C524B4700FF38C4 /* ImageDTO.swift */ = {isa = PBXFileReference; lastKnownFileType = sourcecode.swift; path = ImageDTO.swift; sourceTree = "<group>"; };
		0655B2F22C524D6900FF38C4 /* SearchDTO.swift */ = {isa = PBXFileReference; lastKnownFileType = sourcecode.swift; path = SearchDTO.swift; sourceTree = "<group>"; };
		0655B2F62C525B9100FF38C4 /* Orderby.swift */ = {isa = PBXFileReference; lastKnownFileType = sourcecode.swift; path = Orderby.swift; sourceTree = "<group>"; };
		0655B2F82C52600C00FF38C4 /* SearchColor.swift */ = {isa = PBXFileReference; lastKnownFileType = sourcecode.swift; path = SearchColor.swift; sourceTree = "<group>"; };
		0655B2FC2C529AE600FF38C4 /* APIError.swift */ = {isa = PBXFileReference; lastKnownFileType = sourcecode.swift; path = APIError.swift; sourceTree = "<group>"; };
		0655B2FE2C52B46600FF38C4 /* TopicsModel.swift */ = {isa = PBXFileReference; lastKnownFileType = sourcecode.swift; path = TopicsModel.swift; sourceTree = "<group>"; };
		06579BA52C52C46000CEEF79 /* ErrorView.swift */ = {isa = PBXFileReference; lastKnownFileType = sourcecode.swift; path = ErrorView.swift; sourceTree = "<group>"; };
		06579BA72C538CD100CEEF79 /* ImageModel.swift */ = {isa = PBXFileReference; lastKnownFileType = sourcecode.swift; path = ImageModel.swift; sourceTree = "<group>"; };
		06D068EC2C53B46500B8787A /* CollectionType.swift */ = {isa = PBXFileReference; lastKnownFileType = sourcecode.swift; path = CollectionType.swift; sourceTree = "<group>"; };
		06D068EF2C53D55100B8787A /* SearchsModel.swift */ = {isa = PBXFileReference; lastKnownFileType = sourcecode.swift; path = SearchsModel.swift; sourceTree = "<group>"; };
		06D068F22C53EF9C00B8787A /* LikeList.swift */ = {isa = PBXFileReference; lastKnownFileType = sourcecode.swift; path = LikeList.swift; sourceTree = "<group>"; };
		06D068F42C53F6E700B8787A /* LikeRepository.swift */ = {isa = PBXFileReference; lastKnownFileType = sourcecode.swift; path = LikeRepository.swift; sourceTree = "<group>"; };
		06E049632C4EC7D7003F1397 /* SearchPhotoViewController.swift */ = {isa = PBXFileReference; lastKnownFileType = sourcecode.swift; path = SearchPhotoViewController.swift; sourceTree = "<group>"; };
		06E049662C4EC804003F1397 /* TopicViewController.swift */ = {isa = PBXFileReference; lastKnownFileType = sourcecode.swift; path = TopicViewController.swift; sourceTree = "<group>"; };
/* End PBXFileReference section */

/* Begin PBXFrameworksBuildPhase section */
		0621A9412C4E36720083A89E /* Frameworks */ = {
			isa = PBXFrameworksBuildPhase;
			buildActionMask = 2147483647;
			files = (
				0621A9822C4E3A0A0083A89E /* Kingfisher in Frameworks */,
				0621A9792C4E39E30083A89E /* Alamofire in Frameworks */,
				0621A9732C4E39D00083A89E /* SnapKit in Frameworks */,
				0621A9762C4E39DA0083A89E /* IQKeyboardManagerSwift in Frameworks */,
				0621A97F2C4E39FF0083A89E /* RealmSwift in Frameworks */,
				0621A9852C4E3A1F0083A89E /* Toast in Frameworks */,
				0621A97C2C4E39EA0083A89E /* Then in Frameworks */,
			);
			runOnlyForDeploymentPostprocessing = 0;
		};
/* End PBXFrameworksBuildPhase section */

/* Begin PBXGroup section */
		0621A93B2C4E36710083A89E = {
			isa = PBXGroup;
			children = (
				0621A95B2C4E36EB0083A89E /* .gitignore */,
				0621A9462C4E36720083A89E /* PolaroidProject */,
				0621A9452C4E36720083A89E /* Products */,
			);
			sourceTree = "<group>";
		};
		0621A9452C4E36720083A89E /* Products */ = {
			isa = PBXGroup;
			children = (
				0621A9442C4E36720083A89E /* PolaroidProject.app */,
			);
			name = Products;
			sourceTree = "<group>";
		};
		0621A9462C4E36720083A89E /* PolaroidProject */ = {
			isa = PBXGroup;
			children = (
				0621A9472C4E36720083A89E /* AppDelegate.swift */,
				0621A9492C4E36720083A89E /* SceneDelegate.swift */,
				0621A9642C4E381C0083A89E /* Enum */,
				0655B2E52C5242C300FF38C4 /* RequestModel */,
				0621A9632C4E38110083A89E /* Service */,
				0621A9622C4E37F20083A89E /* Extension+ */,
				0621A9612C4E37EE0083A89E /* Model */,
				0621A95F2C4E37D60083A89E /* ViewControllers */,
				0621A9502C4E36730083A89E /* Assets.xcassets */,
				0621A9522C4E36730083A89E /* LaunchScreen.storyboard */,
				0621A9552C4E36730083A89E /* Info.plist */,
			);
			path = PolaroidProject;
			sourceTree = "<group>";
		};
		0621A95F2C4E37D60083A89E /* ViewControllers */ = {
			isa = PBXGroup;
			children = (
				06D068EE2C53B81000B8787A /* CollectionCell */,
				0655B2A52C510AA500FF38C4 /* DetailView */,
				0655B2A22C50F95500FF38C4 /* LikePhotoView */,
				06E049652C4EC7DC003F1397 /* SearchPhotoView */,
				06E049622C4EC7BA003F1397 /* TopicView */,
				0621A9652C4E38200083A89E /* CustomView */,
				0621A9662C4E382D0083A89E /* Base */,
				0621A98C2C4E42930083A89E /* OnboardingViewController.swift */,
				0621A9A22C4E8FEC0083A89E /* SelectProfile */,
				0621A9942C4E5DE70083A89E /* LoginView */,
			);
			path = ViewControllers;
			sourceTree = "<group>";
		};
		0621A9612C4E37EE0083A89E /* Model */ = {
			isa = PBXGroup;
			children = (
				06D068F12C53EF8A00B8787A /* DataBase */,
				0655B2E22C52425900FF38C4 /* Image */,
				0621A9992C4E61B00083A89E /* User */,
			);
			path = Model;
			sourceTree = "<group>";
		};
		0621A9622C4E37F20083A89E /* Extension+ */ = {
			isa = PBXGroup;
			children = (
				0621A9862C4E3B560083A89E /* ReuseIdentifier+.swift */,
				0621A9AD2C4EA4D90083A89E /* Font+.swift */,
				0655B2722C4FFDF700FF38C4 /* Image+.swift */,
			);
			path = "Extension+";
			sourceTree = "<group>";
		};
		0621A9632C4E38110083A89E /* Service */ = {
			isa = PBXGroup;
			children = (
				0621A9882C4E3BE20083A89E /* APIKey.swift */,
				0655B2FC2C529AE600FF38C4 /* APIError.swift */,
				0655B2EC2C5246CD00FF38C4 /* TargetType.swift */,
				0655B2E32C52429400FF38C4 /* UnsplashRouter.swift */,
				0655B2F02C524B4700FF38C4 /* ImageDTO.swift */,
				0655B2F22C524D6900FF38C4 /* SearchDTO.swift */,
				0655B2EE2C5249F300FF38C4 /* NetworkManager.swift */,
			);
			path = Service;
			sourceTree = "<group>";
		};
		0621A9642C4E381C0083A89E /* Enum */ = {
			isa = PBXGroup;
			children = (
				0621A9922C4E4BCF0083A89E /* Setting.swift */,
				0621A99C2C4E62750083A89E /* ProfileImage.swift */,
				0621A9A92C4E9A460083A89E /* Placeholder.swift */,
				0621A9AB2C4E9DB50083A89E /* NickNameFilter.swift */,
				0655B2F82C52600C00FF38C4 /* SearchColor.swift */,
				0655B2F62C525B9100FF38C4 /* Orderby.swift */,
				06D068EC2C53B46500B8787A /* CollectionType.swift */,
			);
			path = Enum;
			sourceTree = "<group>";
		};
		0621A9652C4E38200083A89E /* CustomView */ = {
			isa = PBXGroup;
			children = (
				0621A9A02C4E72D40083A89E /* ProfileImageView.swift */,
				0621A98E2C4E4B150083A89E /* SuccessButton.swift */,
				0621A9B12C4EA6AD0083A89E /* MBTIButtonView.swift */,
				06579BA52C52C46000CEEF79 /* ErrorView.swift */,
			);
			path = CustomView;
			sourceTree = "<group>";
		};
		0621A9662C4E382D0083A89E /* Base */ = {
			isa = PBXGroup;
			children = (
				0621A98A2C4E3D100083A89E /* TabBarController.swift */,
				0621A96A2C4E384B0083A89E /* BaseViewController.swift */,
				0621A9672C4E384B0083A89E /* BaseCollectioViewCell.swift */,
				0621A9682C4E384B0083A89E /* BaseTableViewCell.swift */,
				0621A9692C4E384B0083A89E /* BaseView.swift */,
				0621A96F2C4E38650083A89E /* Obsearvable.swift */,
			);
			path = Base;
			sourceTree = "<group>";
		};
		0621A9942C4E5DE70083A89E /* LoginView */ = {
			isa = PBXGroup;
			children = (
				0621A95D2C4E37CD0083A89E /* LoginViewController.swift */,
				0621A9952C4E5DF70083A89E /* LoginViewModel.swift */,
			);
			path = LoginView;
			sourceTree = "<group>";
		};
		0621A9992C4E61B00083A89E /* User */ = {
			isa = PBXGroup;
			children = (
				0621A9972C4E61AA0083A89E /* UserDefault.swift */,
				0621A99A2C4E61E60083A89E /* UserModelManager.swift */,
				0621A99E2C4E723A0083A89E /* UserBuilder.swift */,
			);
			path = User;
			sourceTree = "<group>";
		};
		0621A9A22C4E8FEC0083A89E /* SelectProfile */ = {
			isa = PBXGroup;
			children = (
				0621A9A32C4E901E0083A89E /* SelectProfileViewController.swift */,
				0621A9A72C4E91FB0083A89E /* SelectProfileCollectionViewCell.swift */,
				0621A9A52C4E90760083A89E /* SelectProfileViewModel.swift */,
			);
			path = SelectProfile;
			sourceTree = "<group>";
		};
		0655B2A22C50F95500FF38C4 /* LikePhotoView */ = {
			isa = PBXGroup;
			children = (
				0655B2A32C50F96B00FF38C4 /* LikePhotoViewController.swift */,
				0655B2AE2C5114B300FF38C4 /* LikePhotoViewModel.swift */,
			);
			path = LikePhotoView;
			sourceTree = "<group>";
		};
		0655B2A52C510AA500FF38C4 /* DetailView */ = {
			isa = PBXGroup;
			children = (
				0655B2A62C510AC200FF38C4 /* DetailViewController.swift */,
				0655B2B02C5115B700FF38C4 /* DetailViewModel.swift */,
			);
			path = DetailView;
			sourceTree = "<group>";
		};
		0655B2E22C52425900FF38C4 /* Image */ = {
			isa = PBXGroup;
			children = (
				0655B2FE2C52B46600FF38C4 /* TopicsModel.swift */,
				06579BA72C538CD100CEEF79 /* ImageModel.swift */,
				06D068EF2C53D55100B8787A /* SearchsModel.swift */,
			);
			path = Image;
			sourceTree = "<group>";
		};
		0655B2E52C5242C300FF38C4 /* RequestModel */ = {
			isa = PBXGroup;
			children = (
				0655B2E82C52432100FF38C4 /* TopicSection.swift */,
				0655B2EA2C52465100FF38C4 /* SearchParams.swift */,
				0632E7232C53A21400B0EBF5 /* NetworkEnum.swift */,
			);
			path = RequestModel;
			sourceTree = "<group>";
		};
		06D068EE2C53B81000B8787A /* CollectionCell */ = {
			isa = PBXGroup;
			children = (
				0655B2742C5017BC00FF38C4 /* PhotoCollectionViewCell.swift */,
			);
			path = CollectionCell;
			sourceTree = "<group>";
		};
		06D068F12C53EF8A00B8787A /* DataBase */ = {
			isa = PBXGroup;
			children = (
				06D068F22C53EF9C00B8787A /* LikeList.swift */,
				06D068F42C53F6E700B8787A /* LikeRepository.swift */,
			);
			path = DataBase;
			sourceTree = "<group>";
		};
		06E049622C4EC7BA003F1397 /* TopicView */ = {
			isa = PBXGroup;
			children = (
				06E049662C4EC804003F1397 /* TopicViewController.swift */,
				0655B2762C5022B200FF38C4 /* TopicSectionHeaderReusableView.swift */,
				0655B2702C4FFD2300FF38C4 /* TopicViewModel.swift */,
			);
			path = TopicView;
			sourceTree = "<group>";
		};
		06E049652C4EC7DC003F1397 /* SearchPhotoView */ = {
			isa = PBXGroup;
			children = (
				06E049632C4EC7D7003F1397 /* SearchPhotoViewController.swift */,
				0655B2AA2C510E9000FF38C4 /* SearchPhotoViewModel.swift */,
			);
			path = SearchPhotoView;
			sourceTree = "<group>";
		};
/* End PBXGroup section */

/* Begin PBXNativeTarget section */
		0621A9432C4E36720083A89E /* PolaroidProject */ = {
			isa = PBXNativeTarget;
			buildConfigurationList = 0621A9582C4E36730083A89E /* Build configuration list for PBXNativeTarget "PolaroidProject" */;
			buildPhases = (
				0621A9402C4E36720083A89E /* Sources */,
				0621A9412C4E36720083A89E /* Frameworks */,
				0621A9422C4E36720083A89E /* Resources */,
				06D068F72C5400D100B8787A /* Embed Frameworks */,
			);
			buildRules = (
			);
			dependencies = (
			);
			name = PolaroidProject;
			packageProductDependencies = (
				0621A9722C4E39D00083A89E /* SnapKit */,
				0621A9752C4E39DA0083A89E /* IQKeyboardManagerSwift */,
				0621A9782C4E39E30083A89E /* Alamofire */,
				0621A97B2C4E39EA0083A89E /* Then */,
				0621A97E2C4E39FF0083A89E /* RealmSwift */,
				0621A9812C4E3A0A0083A89E /* Kingfisher */,
				0621A9842C4E3A1F0083A89E /* Toast */,
			);
			productName = PolaroidProject;
			productReference = 0621A9442C4E36720083A89E /* PolaroidProject.app */;
			productType = "com.apple.product-type.application";
		};
/* End PBXNativeTarget section */

/* Begin PBXProject section */
		0621A93C2C4E36710083A89E /* Project object */ = {
			isa = PBXProject;
			attributes = {
				BuildIndependentTargetsInParallel = 1;
				LastSwiftUpdateCheck = 1540;
				LastUpgradeCheck = 1540;
				TargetAttributes = {
					0621A9432C4E36720083A89E = {
						CreatedOnToolsVersion = 15.4;
					};
				};
			};
			buildConfigurationList = 0621A93F2C4E36710083A89E /* Build configuration list for PBXProject "PolaroidProject" */;
			compatibilityVersion = "Xcode 14.0";
			developmentRegion = en;
			hasScannedForEncodings = 0;
			knownRegions = (
				en,
				Base,
			);
			mainGroup = 0621A93B2C4E36710083A89E;
			packageReferences = (
				0621A9712C4E39D00083A89E /* XCRemoteSwiftPackageReference "SnapKit" */,
				0621A9742C4E39DA0083A89E /* XCRemoteSwiftPackageReference "IQKeyboardManager" */,
				0621A9772C4E39E30083A89E /* XCRemoteSwiftPackageReference "Alamofire" */,
				0621A97A2C4E39EA0083A89E /* XCRemoteSwiftPackageReference "Then" */,
				0621A97D2C4E39FF0083A89E /* XCRemoteSwiftPackageReference "realm-swift" */,
				0621A9802C4E3A0A0083A89E /* XCRemoteSwiftPackageReference "Kingfisher" */,
				0621A9832C4E3A1F0083A89E /* XCRemoteSwiftPackageReference "Toast-Swift" */,
			);
			productRefGroup = 0621A9452C4E36720083A89E /* Products */;
			projectDirPath = "";
			projectRoot = "";
			targets = (
				0621A9432C4E36720083A89E /* PolaroidProject */,
			);
		};
/* End PBXProject section */

/* Begin PBXResourcesBuildPhase section */
		0621A9422C4E36720083A89E /* Resources */ = {
			isa = PBXResourcesBuildPhase;
			buildActionMask = 2147483647;
			files = (
				0621A9512C4E36730083A89E /* Assets.xcassets in Resources */,
				0621A95C2C4E36EB0083A89E /* .gitignore in Resources */,
				0621A9542C4E36730083A89E /* Base in Resources */,
			);
			runOnlyForDeploymentPostprocessing = 0;
		};
/* End PBXResourcesBuildPhase section */

/* Begin PBXSourcesBuildPhase section */
		0621A9402C4E36720083A89E /* Sources */ = {
			isa = PBXSourcesBuildPhase;
			buildActionMask = 2147483647;
			files = (
				0621A98F2C4E4B150083A89E /* SuccessButton.swift in Sources */,
				0621A95E2C4E37CD0083A89E /* LoginViewController.swift in Sources */,
				0621A9A42C4E901E0083A89E /* SelectProfileViewController.swift in Sources */,
				0621A9482C4E36720083A89E /* AppDelegate.swift in Sources */,
				0655B2E42C52429400FF38C4 /* UnsplashRouter.swift in Sources */,
				0655B2712C4FFD2300FF38C4 /* TopicViewModel.swift in Sources */,
				0621A9AE2C4EA4D90083A89E /* Font+.swift in Sources */,
				0655B2772C5022B200FF38C4 /* TopicSectionHeaderReusableView.swift in Sources */,
				0621A98B2C4E3D100083A89E /* TabBarController.swift in Sources */,
				0621A9962C4E5DF70083A89E /* LoginViewModel.swift in Sources */,
				0621A9702C4E38650083A89E /* Obsearvable.swift in Sources */,
				0655B2732C4FFDF700FF38C4 /* Image+.swift in Sources */,
				0621A99B2C4E61E60083A89E /* UserModelManager.swift in Sources */,
				0621A9932C4E4BCF0083A89E /* Setting.swift in Sources */,
				0655B2F92C52600C00FF38C4 /* SearchColor.swift in Sources */,
				0621A9982C4E61AA0083A89E /* UserDefault.swift in Sources */,
				0621A96B2C4E384B0083A89E /* BaseCollectioViewCell.swift in Sources */,
				0621A9A62C4E90760083A89E /* SelectProfileViewModel.swift in Sources */,
				0655B2FD2C529AE600FF38C4 /* APIError.swift in Sources */,
				0621A9892C4E3BE20083A89E /* APIKey.swift in Sources */,
				06D068F52C53F6E700B8787A /* LikeRepository.swift in Sources */,
				0621A99D2C4E62750083A89E /* ProfileImage.swift in Sources */,
				0621A96D2C4E384B0083A89E /* BaseView.swift in Sources */,
				0621A9A82C4E91FB0083A89E /* SelectProfileCollectionViewCell.swift in Sources */,
				06D068ED2C53B46500B8787A /* CollectionType.swift in Sources */,
				0621A99F2C4E723A0083A89E /* UserBuilder.swift in Sources */,
				0655B2F12C524B4700FF38C4 /* ImageDTO.swift in Sources */,
				0655B2B12C5115B700FF38C4 /* DetailViewModel.swift in Sources */,
				0621A9A12C4E72D40083A89E /* ProfileImageView.swift in Sources */,
				0621A98D2C4E42930083A89E /* OnboardingViewController.swift in Sources */,
				0621A96C2C4E384B0083A89E /* BaseTableViewCell.swift in Sources */,
				0621A9AC2C4E9DB60083A89E /* NickNameFilter.swift in Sources */,
				0655B2AB2C510E9000FF38C4 /* SearchPhotoViewModel.swift in Sources */,
				0655B2AF2C5114B300FF38C4 /* LikePhotoViewModel.swift in Sources */,
				0655B2E92C52432100FF38C4 /* TopicSection.swift in Sources */,
				06579BA82C538CD100CEEF79 /* ImageModel.swift in Sources */,
				0621A9AA2C4E9A460083A89E /* Placeholder.swift in Sources */,
				0655B2A42C50F96B00FF38C4 /* LikePhotoViewController.swift in Sources */,
				0655B2A72C510AC200FF38C4 /* DetailViewController.swift in Sources */,
				06579BA62C52C46000CEEF79 /* ErrorView.swift in Sources */,
				06E049672C4EC804003F1397 /* TopicViewController.swift in Sources */,
				0621A9872C4E3B560083A89E /* ReuseIdentifier+.swift in Sources */,
				0655B2ED2C5246CD00FF38C4 /* TargetType.swift in Sources */,
				0621A9B22C4EA6AD0083A89E /* MBTIButtonView.swift in Sources */,
				06D068F02C53D55100B8787A /* SearchsModel.swift in Sources */,
				0621A96E2C4E384B0083A89E /* BaseViewController.swift in Sources */,
				06D068F32C53EF9C00B8787A /* LikeList.swift in Sources */,
				0621A94A2C4E36720083A89E /* SceneDelegate.swift in Sources */,
				0655B2F32C524D6900FF38C4 /* SearchDTO.swift in Sources */,
				0655B2F72C525B9100FF38C4 /* Orderby.swift in Sources */,
				0655B2FF2C52B46600FF38C4 /* TopicsModel.swift in Sources */,
				0632E7242C53A21400B0EBF5 /* NetworkEnum.swift in Sources */,
				0655B2EB2C52465100FF38C4 /* SearchParams.swift in Sources */,
				0655B2752C5017BC00FF38C4 /* PhotoCollectionViewCell.swift in Sources */,
				0655B2EF2C5249F300FF38C4 /* NetworkManager.swift in Sources */,
				06E049642C4EC7D7003F1397 /* SearchPhotoViewController.swift in Sources */,
			);
			runOnlyForDeploymentPostprocessing = 0;
		};
/* End PBXSourcesBuildPhase section */

/* Begin PBXVariantGroup section */
		0621A9522C4E36730083A89E /* LaunchScreen.storyboard */ = {
			isa = PBXVariantGroup;
			children = (
				0621A9532C4E36730083A89E /* Base */,
			);
			name = LaunchScreen.storyboard;
			sourceTree = "<group>";
		};
/* End PBXVariantGroup section */

/* Begin XCBuildConfiguration section */
		0621A9562C4E36730083A89E /* Debug */ = {
			isa = XCBuildConfiguration;
			buildSettings = {
				ALWAYS_SEARCH_USER_PATHS = NO;
				ASSETCATALOG_COMPILER_GENERATE_SWIFT_ASSET_SYMBOL_EXTENSIONS = YES;
				CLANG_ANALYZER_NONNULL = YES;
				CLANG_ANALYZER_NUMBER_OBJECT_CONVERSION = YES_AGGRESSIVE;
				CLANG_CXX_LANGUAGE_STANDARD = "gnu++20";
				CLANG_ENABLE_MODULES = YES;
				CLANG_ENABLE_OBJC_ARC = YES;
				CLANG_ENABLE_OBJC_WEAK = YES;
				CLANG_WARN_BLOCK_CAPTURE_AUTORELEASING = YES;
				CLANG_WARN_BOOL_CONVERSION = YES;
				CLANG_WARN_COMMA = YES;
				CLANG_WARN_CONSTANT_CONVERSION = YES;
				CLANG_WARN_DEPRECATED_OBJC_IMPLEMENTATIONS = YES;
				CLANG_WARN_DIRECT_OBJC_ISA_USAGE = YES_ERROR;
				CLANG_WARN_DOCUMENTATION_COMMENTS = YES;
				CLANG_WARN_EMPTY_BODY = YES;
				CLANG_WARN_ENUM_CONVERSION = YES;
				CLANG_WARN_INFINITE_RECURSION = YES;
				CLANG_WARN_INT_CONVERSION = YES;
				CLANG_WARN_NON_LITERAL_NULL_CONVERSION = YES;
				CLANG_WARN_OBJC_IMPLICIT_RETAIN_SELF = YES;
				CLANG_WARN_OBJC_LITERAL_CONVERSION = YES;
				CLANG_WARN_OBJC_ROOT_CLASS = YES_ERROR;
				CLANG_WARN_QUOTED_INCLUDE_IN_FRAMEWORK_HEADER = YES;
				CLANG_WARN_RANGE_LOOP_ANALYSIS = YES;
				CLANG_WARN_STRICT_PROTOTYPES = YES;
				CLANG_WARN_SUSPICIOUS_MOVE = YES;
				CLANG_WARN_UNGUARDED_AVAILABILITY = YES_AGGRESSIVE;
				CLANG_WARN_UNREACHABLE_CODE = YES;
				CLANG_WARN__DUPLICATE_METHOD_MATCH = YES;
				COPY_PHASE_STRIP = NO;
				DEBUG_INFORMATION_FORMAT = dwarf;
				ENABLE_STRICT_OBJC_MSGSEND = YES;
				ENABLE_TESTABILITY = YES;
				ENABLE_USER_SCRIPT_SANDBOXING = YES;
				GCC_C_LANGUAGE_STANDARD = gnu17;
				GCC_DYNAMIC_NO_PIC = NO;
				GCC_NO_COMMON_BLOCKS = YES;
				GCC_OPTIMIZATION_LEVEL = 0;
				GCC_PREPROCESSOR_DEFINITIONS = (
					"DEBUG=1",
					"$(inherited)",
				);
				GCC_WARN_64_TO_32_BIT_CONVERSION = YES;
				GCC_WARN_ABOUT_RETURN_TYPE = YES_ERROR;
				GCC_WARN_UNDECLARED_SELECTOR = YES;
				GCC_WARN_UNINITIALIZED_AUTOS = YES_AGGRESSIVE;
				GCC_WARN_UNUSED_FUNCTION = YES;
				GCC_WARN_UNUSED_VARIABLE = YES;
				IPHONEOS_DEPLOYMENT_TARGET = 17.5;
				LOCALIZATION_PREFERS_STRING_CATALOGS = YES;
				MTL_ENABLE_DEBUG_INFO = INCLUDE_SOURCE;
				MTL_FAST_MATH = YES;
				ONLY_ACTIVE_ARCH = YES;
				SDKROOT = iphoneos;
				SWIFT_ACTIVE_COMPILATION_CONDITIONS = "DEBUG $(inherited)";
				SWIFT_OPTIMIZATION_LEVEL = "-Onone";
			};
			name = Debug;
		};
		0621A9572C4E36730083A89E /* Release */ = {
			isa = XCBuildConfiguration;
			buildSettings = {
				ALWAYS_SEARCH_USER_PATHS = NO;
				ASSETCATALOG_COMPILER_GENERATE_SWIFT_ASSET_SYMBOL_EXTENSIONS = YES;
				CLANG_ANALYZER_NONNULL = YES;
				CLANG_ANALYZER_NUMBER_OBJECT_CONVERSION = YES_AGGRESSIVE;
				CLANG_CXX_LANGUAGE_STANDARD = "gnu++20";
				CLANG_ENABLE_MODULES = YES;
				CLANG_ENABLE_OBJC_ARC = YES;
				CLANG_ENABLE_OBJC_WEAK = YES;
				CLANG_WARN_BLOCK_CAPTURE_AUTORELEASING = YES;
				CLANG_WARN_BOOL_CONVERSION = YES;
				CLANG_WARN_COMMA = YES;
				CLANG_WARN_CONSTANT_CONVERSION = YES;
				CLANG_WARN_DEPRECATED_OBJC_IMPLEMENTATIONS = YES;
				CLANG_WARN_DIRECT_OBJC_ISA_USAGE = YES_ERROR;
				CLANG_WARN_DOCUMENTATION_COMMENTS = YES;
				CLANG_WARN_EMPTY_BODY = YES;
				CLANG_WARN_ENUM_CONVERSION = YES;
				CLANG_WARN_INFINITE_RECURSION = YES;
				CLANG_WARN_INT_CONVERSION = YES;
				CLANG_WARN_NON_LITERAL_NULL_CONVERSION = YES;
				CLANG_WARN_OBJC_IMPLICIT_RETAIN_SELF = YES;
				CLANG_WARN_OBJC_LITERAL_CONVERSION = YES;
				CLANG_WARN_OBJC_ROOT_CLASS = YES_ERROR;
				CLANG_WARN_QUOTED_INCLUDE_IN_FRAMEWORK_HEADER = YES;
				CLANG_WARN_RANGE_LOOP_ANALYSIS = YES;
				CLANG_WARN_STRICT_PROTOTYPES = YES;
				CLANG_WARN_SUSPICIOUS_MOVE = YES;
				CLANG_WARN_UNGUARDED_AVAILABILITY = YES_AGGRESSIVE;
				CLANG_WARN_UNREACHABLE_CODE = YES;
				CLANG_WARN__DUPLICATE_METHOD_MATCH = YES;
				COPY_PHASE_STRIP = NO;
				DEBUG_INFORMATION_FORMAT = "dwarf-with-dsym";
				ENABLE_NS_ASSERTIONS = NO;
				ENABLE_STRICT_OBJC_MSGSEND = YES;
				ENABLE_USER_SCRIPT_SANDBOXING = YES;
				GCC_C_LANGUAGE_STANDARD = gnu17;
				GCC_NO_COMMON_BLOCKS = YES;
				GCC_WARN_64_TO_32_BIT_CONVERSION = YES;
				GCC_WARN_ABOUT_RETURN_TYPE = YES_ERROR;
				GCC_WARN_UNDECLARED_SELECTOR = YES;
				GCC_WARN_UNINITIALIZED_AUTOS = YES_AGGRESSIVE;
				GCC_WARN_UNUSED_FUNCTION = YES;
				GCC_WARN_UNUSED_VARIABLE = YES;
				IPHONEOS_DEPLOYMENT_TARGET = 17.5;
				LOCALIZATION_PREFERS_STRING_CATALOGS = YES;
				MTL_ENABLE_DEBUG_INFO = NO;
				MTL_FAST_MATH = YES;
				SDKROOT = iphoneos;
				SWIFT_COMPILATION_MODE = wholemodule;
				VALIDATE_PRODUCT = YES;
			};
			name = Release;
		};
		0621A9592C4E36730083A89E /* Debug */ = {
			isa = XCBuildConfiguration;
			buildSettings = {
				ASSETCATALOG_COMPILER_APPICON_NAME = AppIcon;
				ASSETCATALOG_COMPILER_GLOBAL_ACCENT_COLOR_NAME = AccentColor;
				CODE_SIGN_STYLE = Automatic;
				CURRENT_PROJECT_VERSION = 1;
				DEVELOPMENT_TEAM = G9LS4YQCM2;
				GENERATE_INFOPLIST_FILE = YES;
				INFOPLIST_FILE = PolaroidProject/Info.plist;
				INFOPLIST_KEY_CFBundleDisplayName = "박성민";
				INFOPLIST_KEY_UIApplicationSupportsIndirectInputEvents = YES;
				INFOPLIST_KEY_UILaunchStoryboardName = LaunchScreen;
				INFOPLIST_KEY_UISupportedInterfaceOrientations = UIInterfaceOrientationPortrait;
				INFOPLIST_KEY_UISupportedInterfaceOrientations_iPad = "UIInterfaceOrientationLandscapeLeft UIInterfaceOrientationLandscapeRight UIInterfaceOrientationPortrait UIInterfaceOrientationPortraitUpsideDown";
				IPHONEOS_DEPLOYMENT_TARGET = 15;
				LD_RUNPATH_SEARCH_PATHS = (
					"$(inherited)",
					"@executable_path/Frameworks",
				);
				MARKETING_VERSION = 1.0;
				PRODUCT_BUNDLE_IDENTIFIER = com.Sixteenis.PolaroidProject;
				PRODUCT_NAME = "$(TARGET_NAME)";
				SUPPORTED_PLATFORMS = "iphoneos iphonesimulator";
				SUPPORTS_MACCATALYST = NO;
				SUPPORTS_MAC_DESIGNED_FOR_IPHONE_IPAD = NO;
				SUPPORTS_XR_DESIGNED_FOR_IPHONE_IPAD = NO;
				SWIFT_EMIT_LOC_STRINGS = YES;
				SWIFT_VERSION = 5.0;
				TARGETED_DEVICE_FAMILY = 1;
			};
			name = Debug;
		};
		0621A95A2C4E36730083A89E /* Release */ = {
			isa = XCBuildConfiguration;
			buildSettings = {
				ASSETCATALOG_COMPILER_APPICON_NAME = AppIcon;
				ASSETCATALOG_COMPILER_GLOBAL_ACCENT_COLOR_NAME = AccentColor;
				CODE_SIGN_STYLE = Automatic;
				CURRENT_PROJECT_VERSION = 1;
				DEVELOPMENT_TEAM = G9LS4YQCM2;
				GENERATE_INFOPLIST_FILE = YES;
				INFOPLIST_FILE = PolaroidProject/Info.plist;
				INFOPLIST_KEY_CFBundleDisplayName = "박성민";
				INFOPLIST_KEY_UIApplicationSupportsIndirectInputEvents = YES;
				INFOPLIST_KEY_UILaunchStoryboardName = LaunchScreen;
				INFOPLIST_KEY_UISupportedInterfaceOrientations = UIInterfaceOrientationPortrait;
				INFOPLIST_KEY_UISupportedInterfaceOrientations_iPad = "UIInterfaceOrientationLandscapeLeft UIInterfaceOrientationLandscapeRight UIInterfaceOrientationPortrait UIInterfaceOrientationPortraitUpsideDown";
				IPHONEOS_DEPLOYMENT_TARGET = 15;
				LD_RUNPATH_SEARCH_PATHS = (
					"$(inherited)",
					"@executable_path/Frameworks",
				);
				MARKETING_VERSION = 1.0;
				PRODUCT_BUNDLE_IDENTIFIER = com.Sixteenis.PolaroidProject;
				PRODUCT_NAME = "$(TARGET_NAME)";
				SUPPORTED_PLATFORMS = "iphoneos iphonesimulator";
				SUPPORTS_MACCATALYST = NO;
				SUPPORTS_MAC_DESIGNED_FOR_IPHONE_IPAD = NO;
				SUPPORTS_XR_DESIGNED_FOR_IPHONE_IPAD = NO;
				SWIFT_EMIT_LOC_STRINGS = YES;
				SWIFT_VERSION = 5.0;
				TARGETED_DEVICE_FAMILY = 1;
			};
			name = Release;
		};
/* End XCBuildConfiguration section */

/* Begin XCConfigurationList section */
		0621A93F2C4E36710083A89E /* Build configuration list for PBXProject "PolaroidProject" */ = {
			isa = XCConfigurationList;
			buildConfigurations = (
				0621A9562C4E36730083A89E /* Debug */,
				0621A9572C4E36730083A89E /* Release */,
			);
			defaultConfigurationIsVisible = 0;
			defaultConfigurationName = Release;
		};
		0621A9582C4E36730083A89E /* Build configuration list for PBXNativeTarget "PolaroidProject" */ = {
			isa = XCConfigurationList;
			buildConfigurations = (
				0621A9592C4E36730083A89E /* Debug */,
				0621A95A2C4E36730083A89E /* Release */,
			);
			defaultConfigurationIsVisible = 0;
			defaultConfigurationName = Release;
		};
/* End XCConfigurationList section */

/* Begin XCRemoteSwiftPackageReference section */
		0621A9712C4E39D00083A89E /* XCRemoteSwiftPackageReference "SnapKit" */ = {
			isa = XCRemoteSwiftPackageReference;
			repositoryURL = "https://github.com/SnapKit/SnapKit.git";
			requirement = {
				kind = upToNextMajorVersion;
				minimumVersion = 5.7.1;
			};
		};
		0621A9742C4E39DA0083A89E /* XCRemoteSwiftPackageReference "IQKeyboardManager" */ = {
			isa = XCRemoteSwiftPackageReference;
			repositoryURL = "https://github.com/hackiftekhar/IQKeyboardManager.git";
			requirement = {
				kind = upToNextMajorVersion;
				minimumVersion = 7.1.1;
			};
		};
		0621A9772C4E39E30083A89E /* XCRemoteSwiftPackageReference "Alamofire" */ = {
			isa = XCRemoteSwiftPackageReference;
			repositoryURL = "https://github.com/Alamofire/Alamofire.git";
			requirement = {
				kind = upToNextMajorVersion;
				minimumVersion = 5.9.1;
			};
		};
		0621A97A2C4E39EA0083A89E /* XCRemoteSwiftPackageReference "Then" */ = {
			isa = XCRemoteSwiftPackageReference;
			repositoryURL = "https://github.com/devxoul/Then.git";
			requirement = {
				kind = upToNextMajorVersion;
				minimumVersion = 3.0.0;
			};
		};
		0621A97D2C4E39FF0083A89E /* XCRemoteSwiftPackageReference "realm-swift" */ = {
			isa = XCRemoteSwiftPackageReference;
			repositoryURL = "https://github.com/realm/realm-swift.git";
			requirement = {
				branch = master;
				kind = branch;
			};
		};
		0621A9802C4E3A0A0083A89E /* XCRemoteSwiftPackageReference "Kingfisher" */ = {
			isa = XCRemoteSwiftPackageReference;
			repositoryURL = "https://github.com/onevcat/Kingfisher.git";
			requirement = {
				kind = upToNextMajorVersion;
				minimumVersion = 7.12.0;
			};
		};
		0621A9832C4E3A1F0083A89E /* XCRemoteSwiftPackageReference "Toast-Swift" */ = {
			isa = XCRemoteSwiftPackageReference;
			repositoryURL = "https://github.com/scalessec/Toast-Swift.git";
			requirement = {
				kind = upToNextMajorVersion;
				minimumVersion = 5.1.1;
			};
		};
/* End XCRemoteSwiftPackageReference section */

/* Begin XCSwiftPackageProductDependency section */
		0621A9722C4E39D00083A89E /* SnapKit */ = {
			isa = XCSwiftPackageProductDependency;
			package = 0621A9712C4E39D00083A89E /* XCRemoteSwiftPackageReference "SnapKit" */;
			productName = SnapKit;
		};
		0621A9752C4E39DA0083A89E /* IQKeyboardManagerSwift */ = {
			isa = XCSwiftPackageProductDependency;
			package = 0621A9742C4E39DA0083A89E /* XCRemoteSwiftPackageReference "IQKeyboardManager" */;
			productName = IQKeyboardManagerSwift;
		};
		0621A9782C4E39E30083A89E /* Alamofire */ = {
			isa = XCSwiftPackageProductDependency;
			package = 0621A9772C4E39E30083A89E /* XCRemoteSwiftPackageReference "Alamofire" */;
			productName = Alamofire;
		};
		0621A97B2C4E39EA0083A89E /* Then */ = {
			isa = XCSwiftPackageProductDependency;
			package = 0621A97A2C4E39EA0083A89E /* XCRemoteSwiftPackageReference "Then" */;
			productName = Then;
		};
		0621A97E2C4E39FF0083A89E /* RealmSwift */ = {
			isa = XCSwiftPackageProductDependency;
			package = 0621A97D2C4E39FF0083A89E /* XCRemoteSwiftPackageReference "realm-swift" */;
			productName = RealmSwift;
		};
		0621A9812C4E3A0A0083A89E /* Kingfisher */ = {
			isa = XCSwiftPackageProductDependency;
			package = 0621A9802C4E3A0A0083A89E /* XCRemoteSwiftPackageReference "Kingfisher" */;
			productName = Kingfisher;
		};
		0621A9842C4E3A1F0083A89E /* Toast */ = {
			isa = XCSwiftPackageProductDependency;
			package = 0621A9832C4E3A1F0083A89E /* XCRemoteSwiftPackageReference "Toast-Swift" */;
			productName = Toast;
		};
/* End XCSwiftPackageProductDependency section */
	};
	rootObject = 0621A93C2C4E36710083A89E /* Project object */;
}
